
Microsoft Visual Studio Solution File, Format Version 12.00
# Visual Studio 15
VisualStudioVersion = 15.0.27130.2027
MinimumVisualStudioVersion = 10.0.40219.1
Project("{FAE04EC0-301F-11D3-BF4B-00C04F79EFBC}") = "RouteAPI", "RouteAPI\RouteAPI.csproj", "{BCFE9FC3-9B4E-4757-9A7C-C7AD096AFA31}"
EndProject
Global
	GlobalSection(SolutionConfigurationPlatforms) = preSolution
		Debug|Any CPU = Debug|Any CPU
		Release|Any CPU = Release|Any CPU
	EndGlobalSection
	GlobalSection(ProjectConfigurationPlatforms) = postSolution
		{BCFE9FC3-9B4E-4757-9A7C-C7AD096AFA31}.Debug|Any CPU.ActiveCfg = Debug|Any CPU
		{BCFE9FC3-9B4E-4757-9A7C-C7AD096AFA31}.Debug|Any CPU.Build.0 = Debug|Any CPU
		{BCFE9FC3-9B4E-4757-9A7C-C7AD096AFA31}.Release|Any CPU.ActiveCfg = Release|Any CPU
		{BCFE9FC3-9B4E-4757-9A7C-C7AD096AFA31}.Release|Any CPU.Build.0 = Release|Any CPU
	EndGlobalSection
	GlobalSection(SolutionProperties) = preSolution
		HideSolutionNode = FALSE
	EndGlobalSection
	GlobalSection(ExtensibilityGlobals) = postSolution
		SolutionGuid = {66D63820-D088-448C-92A9-0D00AF33DB52}
	EndGlobalSection
EndGlobal
